# This file is automatically @generated by Cargo.
# It is not intended for manual editing.
version = 3

[[package]]
name = "christ"
version = "0.1.0"
dependencies = [
 "streaming-iterator",
]

[[package]]
name = "streaming-iterator"
version = "0.1.8"
source = "registry+https://github.com/rust-lang/crates.io-index"
checksum = "d55dd09aaa2f85ef8767cc9177294d63c30d62c8533329e75aa51d8b94976e22"
